{
  "name": "advent-of-code-2022",
  "version": "0.0.0",
  "lockfileVersion": 2,
  "requires": true,
  "packages": {
    "": {
      "name": "advent-of-code-2022",
      "version": "0.0.0",
      "license": "ISC",
      "devDependencies": {
        "@types/node": "^16.18.7"
      }
    },
    "node_modules/@types/node": {
      "version": "16.18.7",
      "resolved": "https://registry.npmjs.org/@types/node/-/node-16.18.7.tgz",
      "integrity": "sha512-SghuoXv8ghvkrKjTyvhRTeNzivPzGQ8pe09PPGdyqsExiKvBYV/6E3imvjsaJuW8ca61qQN2+SoSzyEHS9r2LA==",
      "dev": true
    }
  },
  "dependencies": {
    "@types/node": {
      "version": "16.18.7",
      "resolved": "https://registry.npmjs.org/@types/node/-/node-16.18.7.tgz",
      "integrity": "sha512-SghuoXv8ghvkrKjTyvhRTeNzivPzGQ8pe09PPGdyqsExiKvBYV/6E3imvjsaJuW8ca61qQN2+SoSzyEHS9r2LA==",
      "dev": true
    }
  }
}
